
Microsoft Visual Studio Solution File, Format Version 12.00
# Visual Studio Version 17
VisualStudioVersion = 17.5.33502.453
MinimumVisualStudioVersion = 10.0.40219.1
Project("{FAE04EC0-301F-11D3-BF4B-00C04F79EFBC}") = "ServiceStation.DAL", "ServiceStation.DAL\ServiceStation.DAL.csproj", "{A96A835C-CFD5-410F-B31F-DA13F27CA43A}"
EndProject
Project("{FAE04EC0-301F-11D3-BF4B-00C04F79EFBC}") = "ServiceStationDatabase", "ServiceStationDatabase\ServiceStationDatabase.csproj", "{E3D8C815-9189-4728-B1EC-4306EB0C3975}"
EndProject
Global
	GlobalSection(SolutionConfigurationPlatforms) = preSolution
		Debug|Any CPU = Debug|Any CPU
		Release|Any CPU = Release|Any CPU
	EndGlobalSection
	GlobalSection(ProjectConfigurationPlatforms) = postSolution
		{A96A835C-CFD5-410F-B31F-DA13F27CA43A}.Debug|Any CPU.ActiveCfg = Debug|Any CPU
		{A96A835C-CFD5-410F-B31F-DA13F27CA43A}.Debug|Any CPU.Build.0 = Debug|Any CPU
		{A96A835C-CFD5-410F-B31F-DA13F27CA43A}.Release|Any CPU.ActiveCfg = Release|Any CPU
		{A96A835C-CFD5-410F-B31F-DA13F27CA43A}.Release|Any CPU.Build.0 = Release|Any CPU
		{E3D8C815-9189-4728-B1EC-4306EB0C3975}.Debug|Any CPU.ActiveCfg = Debug|Any CPU
		{E3D8C815-9189-4728-B1EC-4306EB0C3975}.Debug|Any CPU.Build.0 = Debug|Any CPU
		{E3D8C815-9189-4728-B1EC-4306EB0C3975}.Release|Any CPU.ActiveCfg = Release|Any CPU
		{E3D8C815-9189-4728-B1EC-4306EB0C3975}.Release|Any CPU.Build.0 = Release|Any CPU
	EndGlobalSection
	GlobalSection(SolutionProperties) = preSolution
		HideSolutionNode = FALSE
	EndGlobalSection
	GlobalSection(ExtensibilityGlobals) = postSolution
		SolutionGuid = {F6E2C5C5-AB9E-4E11-8155-1CF0AEC890D4}
	EndGlobalSection
EndGlobal
