
Microsoft Visual Studio Solution File, Format Version 12.00
# Visual Studio Version 17
VisualStudioVersion = 17.5.33627.172
MinimumVisualStudioVersion = 10.0.40219.1
Project("{9A19103F-16F7-4668-BE54-9A1E7A4F7556}") = "Domain", "Domain\Domain.csproj", "{081EF268-A7EA-4213-BD64-912758698A28}"
EndProject
Project("{9A19103F-16F7-4668-BE54-9A1E7A4F7556}") = "Infrastructure", "Infrastructure\Infrastructure.csproj", "{E62DF990-D0C1-469B-B6B8-A3E022E05373}"
EndProject
Project("{9A19103F-16F7-4668-BE54-9A1E7A4F7556}") = "WebApplication", "WebApplication\WebApplication.csproj", "{BED056B4-E244-4653-8DA8-6553D063E775}"
EndProject
Project("{FAE04EC0-301F-11D3-BF4B-00C04F79EFBC}") = "Application", "Application\Application.csproj", "{62ADB56C-76E4-470A-81C8-C444D57011A7}"
EndProject
Global
	GlobalSection(SolutionConfigurationPlatforms) = preSolution
		Debug|Any CPU = Debug|Any CPU
		Release|Any CPU = Release|Any CPU
	EndGlobalSection
	GlobalSection(ProjectConfigurationPlatforms) = postSolution
		{081EF268-A7EA-4213-BD64-912758698A28}.Debug|Any CPU.ActiveCfg = Debug|Any CPU
		{081EF268-A7EA-4213-BD64-912758698A28}.Debug|Any CPU.Build.0 = Debug|Any CPU
		{081EF268-A7EA-4213-BD64-912758698A28}.Release|Any CPU.ActiveCfg = Release|Any CPU
		{081EF268-A7EA-4213-BD64-912758698A28}.Release|Any CPU.Build.0 = Release|Any CPU
		{E62DF990-D0C1-469B-B6B8-A3E022E05373}.Debug|Any CPU.ActiveCfg = Debug|Any CPU
		{E62DF990-D0C1-469B-B6B8-A3E022E05373}.Debug|Any CPU.Build.0 = Debug|Any CPU
		{E62DF990-D0C1-469B-B6B8-A3E022E05373}.Release|Any CPU.ActiveCfg = Release|Any CPU
		{E62DF990-D0C1-469B-B6B8-A3E022E05373}.Release|Any CPU.Build.0 = Release|Any CPU
		{BED056B4-E244-4653-8DA8-6553D063E775}.Debug|Any CPU.ActiveCfg = Debug|Any CPU
		{BED056B4-E244-4653-8DA8-6553D063E775}.Debug|Any CPU.Build.0 = Debug|Any CPU
		{BED056B4-E244-4653-8DA8-6553D063E775}.Release|Any CPU.ActiveCfg = Release|Any CPU
		{BED056B4-E244-4653-8DA8-6553D063E775}.Release|Any CPU.Build.0 = Release|Any CPU
		{62ADB56C-76E4-470A-81C8-C444D57011A7}.Debug|Any CPU.ActiveCfg = Debug|Any CPU
		{62ADB56C-76E4-470A-81C8-C444D57011A7}.Debug|Any CPU.Build.0 = Debug|Any CPU
		{62ADB56C-76E4-470A-81C8-C444D57011A7}.Release|Any CPU.ActiveCfg = Release|Any CPU
		{62ADB56C-76E4-470A-81C8-C444D57011A7}.Release|Any CPU.Build.0 = Release|Any CPU
	EndGlobalSection
	GlobalSection(SolutionProperties) = preSolution
		HideSolutionNode = FALSE
	EndGlobalSection
	GlobalSection(ExtensibilityGlobals) = postSolution
		SolutionGuid = {3620F1B3-EB9E-4B21-9B14-6226D584A8FD}
	EndGlobalSection
EndGlobal
