
Microsoft Visual Studio Solution File, Format Version 12.00
# Visual Studio Version 17
VisualStudioVersion = 17.6.33815.320
MinimumVisualStudioVersion = 10.0.40219.1
Project("{FAE04EC0-301F-11D3-BF4B-00C04F79EFBC}") = "TaskManagerForMechanic.WEB", "TaskManagerForMechanic.WEB\TaskManagerForMechanic.WEB.csproj", "{966F1408-7664-48C4-BCDE-9E3E6073AA2E}"
EndProject
Project("{FAE04EC0-301F-11D3-BF4B-00C04F79EFBC}") = "TaskManagerForMechanic.DAL", "TaskManagerForMechanic.DAL\TaskManagerForMechanic.DAL.csproj", "{C15D08D9-6802-4540-BD52-E185B5056100}"
EndProject
Global
	GlobalSection(SolutionConfigurationPlatforms) = preSolution
		Debug|Any CPU = Debug|Any CPU
		Release|Any CPU = Release|Any CPU
	EndGlobalSection
	GlobalSection(ProjectConfigurationPlatforms) = postSolution
		{966F1408-7664-48C4-BCDE-9E3E6073AA2E}.Debug|Any CPU.ActiveCfg = Debug|Any CPU
		{966F1408-7664-48C4-BCDE-9E3E6073AA2E}.Debug|Any CPU.Build.0 = Debug|Any CPU
		{966F1408-7664-48C4-BCDE-9E3E6073AA2E}.Release|Any CPU.ActiveCfg = Release|Any CPU
		{966F1408-7664-48C4-BCDE-9E3E6073AA2E}.Release|Any CPU.Build.0 = Release|Any CPU
		{C15D08D9-6802-4540-BD52-E185B5056100}.Debug|Any CPU.ActiveCfg = Debug|Any CPU
		{C15D08D9-6802-4540-BD52-E185B5056100}.Debug|Any CPU.Build.0 = Debug|Any CPU
		{C15D08D9-6802-4540-BD52-E185B5056100}.Release|Any CPU.ActiveCfg = Release|Any CPU
		{C15D08D9-6802-4540-BD52-E185B5056100}.Release|Any CPU.Build.0 = Release|Any CPU
	EndGlobalSection
	GlobalSection(SolutionProperties) = preSolution
		HideSolutionNode = FALSE
	EndGlobalSection
	GlobalSection(ExtensibilityGlobals) = postSolution
		SolutionGuid = {F573FA87-E65D-4DF5-ADC1-A50A5728CCE9}
	EndGlobalSection
EndGlobal
