
Microsoft Visual Studio Solution File, Format Version 12.00
# Visual Studio Version 17
VisualStudioVersion = 17.5.33502.453
MinimumVisualStudioVersion = 10.0.40219.1
Project("{9A19103F-16F7-4668-BE54-9A1E7A4F7556}") = "ServiceStation.DAL", "ServiceStation.DAL\ServiceStation.DAL.csproj", "{7F5DC8AD-EED2-4CAB-A63D-E68305DD41CF}"
EndProject
Project("{9A19103F-16F7-4668-BE54-9A1E7A4F7556}") = "ServiceStation.BLL", "ServiceStation.BLL\ServiceStation.BLL.csproj", "{4C82633A-D299-4B02-A941-B16E2073D67A}"
EndProject
Project("{9A19103F-16F7-4668-BE54-9A1E7A4F7556}") = "ServiceStationEF.API", "ServiceStationEF.API\ServiceStationEF.API.csproj", "{9FD7CF3C-0659-4C68-8D95-DB4C7A18A952}"
EndProject
Global
	GlobalSection(SolutionConfigurationPlatforms) = preSolution
		Debug|Any CPU = Debug|Any CPU
		Release|Any CPU = Release|Any CPU
	EndGlobalSection
	GlobalSection(ProjectConfigurationPlatforms) = postSolution
		{7F5DC8AD-EED2-4CAB-A63D-E68305DD41CF}.Debug|Any CPU.ActiveCfg = Debug|Any CPU
		{7F5DC8AD-EED2-4CAB-A63D-E68305DD41CF}.Debug|Any CPU.Build.0 = Debug|Any CPU
		{7F5DC8AD-EED2-4CAB-A63D-E68305DD41CF}.Release|Any CPU.ActiveCfg = Release|Any CPU
		{7F5DC8AD-EED2-4CAB-A63D-E68305DD41CF}.Release|Any CPU.Build.0 = Release|Any CPU
		{4C82633A-D299-4B02-A941-B16E2073D67A}.Debug|Any CPU.ActiveCfg = Debug|Any CPU
		{4C82633A-D299-4B02-A941-B16E2073D67A}.Debug|Any CPU.Build.0 = Debug|Any CPU
		{4C82633A-D299-4B02-A941-B16E2073D67A}.Release|Any CPU.ActiveCfg = Release|Any CPU
		{4C82633A-D299-4B02-A941-B16E2073D67A}.Release|Any CPU.Build.0 = Release|Any CPU
		{9FD7CF3C-0659-4C68-8D95-DB4C7A18A952}.Debug|Any CPU.ActiveCfg = Debug|Any CPU
		{9FD7CF3C-0659-4C68-8D95-DB4C7A18A952}.Debug|Any CPU.Build.0 = Debug|Any CPU
		{9FD7CF3C-0659-4C68-8D95-DB4C7A18A952}.Release|Any CPU.ActiveCfg = Release|Any CPU
		{9FD7CF3C-0659-4C68-8D95-DB4C7A18A952}.Release|Any CPU.Build.0 = Release|Any CPU
	EndGlobalSection
	GlobalSection(SolutionProperties) = preSolution
		HideSolutionNode = FALSE
	EndGlobalSection
	GlobalSection(ExtensibilityGlobals) = postSolution
		SolutionGuid = {1A9B8A55-B402-438F-9A8C-F7C7C01FE7E2}
	EndGlobalSection
EndGlobal
